
Microsoft Visual Studio Solution File, Format Version 12.00
# Visual Studio 2012
Project("{2150E333-8FDC-42A3-9474-1A3956D46DE8}") = "Demo", "Demo", "{730A8C0F-FE85-4932-813A-687C81F05503}"
EndProject
Project("{2150E333-8FDC-42A3-9474-1A3956D46DE8}") = "SDK", "SDK", "{9E3B56DA-F36A-4F57-9D46-A8FBA4F06C82}"
EndProject
Project("{FAE04EC0-301F-11D3-BF4B-00C04F79EFBC}") = "CCPRestSDK", "SDK\CCPRestSDK\CCPRestSDK.csproj", "{80326A65-5E30-4238-BD00-B9FD69A53B91}"
EndProject
Project("{FAE04EC0-301F-11D3-BF4B-00C04F79EFBC}") = "BillRecords", "Demo\BillRecords\BillRecords.csproj", "{79452D56-8729-4806-89B3-B537C11A33FB}"
EndProject
Project("{FAE04EC0-301F-11D3-BF4B-00C04F79EFBC}") = "CallBack", "Demo\CallBack\CallBack.csproj", "{458DB5B0-26C9-4B84-ABC5-4E9A96312F0A}"
EndProject
Project("{FAE04EC0-301F-11D3-BF4B-00C04F79EFBC}") = "CreateSubAccount", "Demo\CreateSubAccount\CreateSubAccount.csproj", "{A811034A-E6CB-49F1-827A-2093F805DEE6}"
EndProject
Project("{FAE04EC0-301F-11D3-BF4B-00C04F79EFBC}") = "GetSubAccounts", "Demo\GetSubAccounts\GetSubAccounts.csproj", "{AA720085-10D2-475A-8A3F-333FE7889D05}"
EndProject
Project("{FAE04EC0-301F-11D3-BF4B-00C04F79EFBC}") = "IvrDial", "Demo\IvrDial\IvrDial.csproj", "{D562B809-CCC3-4070-BCFD-A658A9B69984}"
EndProject
Project("{FAE04EC0-301F-11D3-BF4B-00C04F79EFBC}") = "LandingCall", "Demo\LandingCall\LandingCall.csproj", "{534863A2-AC66-4180-AA9C-A0D5F89518DA}"
EndProject
Project("{FAE04EC0-301F-11D3-BF4B-00C04F79EFBC}") = "QueryAccountInfo", "Demo\QueryAccountInfo\QueryAccountInfo.csproj", "{A357A691-6330-4A6A-A889-B0C3E4A98718}"
EndProject
Project("{FAE04EC0-301F-11D3-BF4B-00C04F79EFBC}") = "QuerySubAccount", "Demo\QuerySubAccount\QuerySubAccount.csproj", "{2E178203-F4C5-403D-BECD-5E72ED289BC6}"
EndProject
Project("{FAE04EC0-301F-11D3-BF4B-00C04F79EFBC}") = "SendTemplateSMS", "Demo\SendTemplateSMS\SendTemplateSMS.csproj", "{C71CE3BB-BFC1-4CFF-AD18-D4FAACE95BD0}"
EndProject
Project("{FAE04EC0-301F-11D3-BF4B-00C04F79EFBC}") = "VoiceVerify", "Demo\VoiceVerifyCode\VoiceVerify.csproj", "{21264A3E-F914-4ADE-B5F0-1C1D5BB21BC2}"
EndProject
Global
	GlobalSection(SolutionConfigurationPlatforms) = preSolution
		Debug|Any CPU = Debug|Any CPU
		Release|Any CPU = Release|Any CPU
	EndGlobalSection
	GlobalSection(ProjectConfigurationPlatforms) = postSolution
		{80326A65-5E30-4238-BD00-B9FD69A53B91}.Debug|Any CPU.ActiveCfg = Debug|Any CPU
		{80326A65-5E30-4238-BD00-B9FD69A53B91}.Debug|Any CPU.Build.0 = Debug|Any CPU
		{80326A65-5E30-4238-BD00-B9FD69A53B91}.Release|Any CPU.ActiveCfg = Release|Any CPU
		{80326A65-5E30-4238-BD00-B9FD69A53B91}.Release|Any CPU.Build.0 = Release|Any CPU
		{79452D56-8729-4806-89B3-B537C11A33FB}.Debug|Any CPU.ActiveCfg = Debug|Any CPU
		{79452D56-8729-4806-89B3-B537C11A33FB}.Debug|Any CPU.Build.0 = Debug|Any CPU
		{79452D56-8729-4806-89B3-B537C11A33FB}.Release|Any CPU.ActiveCfg = Release|Any CPU
		{79452D56-8729-4806-89B3-B537C11A33FB}.Release|Any CPU.Build.0 = Release|Any CPU
		{458DB5B0-26C9-4B84-ABC5-4E9A96312F0A}.Debug|Any CPU.ActiveCfg = Debug|Any CPU
		{458DB5B0-26C9-4B84-ABC5-4E9A96312F0A}.Debug|Any CPU.Build.0 = Debug|Any CPU
		{458DB5B0-26C9-4B84-ABC5-4E9A96312F0A}.Release|Any CPU.ActiveCfg = Release|Any CPU
		{458DB5B0-26C9-4B84-ABC5-4E9A96312F0A}.Release|Any CPU.Build.0 = Release|Any CPU
		{A811034A-E6CB-49F1-827A-2093F805DEE6}.Debug|Any CPU.ActiveCfg = Debug|Any CPU
		{A811034A-E6CB-49F1-827A-2093F805DEE6}.Debug|Any CPU.Build.0 = Debug|Any CPU
		{A811034A-E6CB-49F1-827A-2093F805DEE6}.Release|Any CPU.ActiveCfg = Release|Any CPU
		{A811034A-E6CB-49F1-827A-2093F805DEE6}.Release|Any CPU.Build.0 = Release|Any CPU
		{AA720085-10D2-475A-8A3F-333FE7889D05}.Debug|Any CPU.ActiveCfg = Debug|Any CPU
		{AA720085-10D2-475A-8A3F-333FE7889D05}.Debug|Any CPU.Build.0 = Debug|Any CPU
		{AA720085-10D2-475A-8A3F-333FE7889D05}.Release|Any CPU.ActiveCfg = Release|Any CPU
		{AA720085-10D2-475A-8A3F-333FE7889D05}.Release|Any CPU.Build.0 = Release|Any CPU
		{D562B809-CCC3-4070-BCFD-A658A9B69984}.Debug|Any CPU.ActiveCfg = Debug|Any CPU
		{D562B809-CCC3-4070-BCFD-A658A9B69984}.Debug|Any CPU.Build.0 = Debug|Any CPU
		{D562B809-CCC3-4070-BCFD-A658A9B69984}.Release|Any CPU.ActiveCfg = Release|Any CPU
		{D562B809-CCC3-4070-BCFD-A658A9B69984}.Release|Any CPU.Build.0 = Release|Any CPU
		{534863A2-AC66-4180-AA9C-A0D5F89518DA}.Debug|Any CPU.ActiveCfg = Debug|Any CPU
		{534863A2-AC66-4180-AA9C-A0D5F89518DA}.Debug|Any CPU.Build.0 = Debug|Any CPU
		{534863A2-AC66-4180-AA9C-A0D5F89518DA}.Release|Any CPU.ActiveCfg = Release|Any CPU
		{534863A2-AC66-4180-AA9C-A0D5F89518DA}.Release|Any CPU.Build.0 = Release|Any CPU
		{A357A691-6330-4A6A-A889-B0C3E4A98718}.Debug|Any CPU.ActiveCfg = Debug|Any CPU
		{A357A691-6330-4A6A-A889-B0C3E4A98718}.Debug|Any CPU.Build.0 = Debug|Any CPU
		{A357A691-6330-4A6A-A889-B0C3E4A98718}.Release|Any CPU.ActiveCfg = Release|Any CPU
		{A357A691-6330-4A6A-A889-B0C3E4A98718}.Release|Any CPU.Build.0 = Release|Any CPU
		{2E178203-F4C5-403D-BECD-5E72ED289BC6}.Debug|Any CPU.ActiveCfg = Debug|Any CPU
		{2E178203-F4C5-403D-BECD-5E72ED289BC6}.Debug|Any CPU.Build.0 = Debug|Any CPU
		{2E178203-F4C5-403D-BECD-5E72ED289BC6}.Release|Any CPU.ActiveCfg = Release|Any CPU
		{2E178203-F4C5-403D-BECD-5E72ED289BC6}.Release|Any CPU.Build.0 = Release|Any CPU
		{C71CE3BB-BFC1-4CFF-AD18-D4FAACE95BD0}.Debug|Any CPU.ActiveCfg = Debug|Any CPU
		{C71CE3BB-BFC1-4CFF-AD18-D4FAACE95BD0}.Debug|Any CPU.Build.0 = Debug|Any CPU
		{C71CE3BB-BFC1-4CFF-AD18-D4FAACE95BD0}.Release|Any CPU.ActiveCfg = Release|Any CPU
		{C71CE3BB-BFC1-4CFF-AD18-D4FAACE95BD0}.Release|Any CPU.Build.0 = Release|Any CPU
		{21264A3E-F914-4ADE-B5F0-1C1D5BB21BC2}.Debug|Any CPU.ActiveCfg = Debug|Any CPU
		{21264A3E-F914-4ADE-B5F0-1C1D5BB21BC2}.Debug|Any CPU.Build.0 = Debug|Any CPU
		{21264A3E-F914-4ADE-B5F0-1C1D5BB21BC2}.Release|Any CPU.ActiveCfg = Release|Any CPU
		{21264A3E-F914-4ADE-B5F0-1C1D5BB21BC2}.Release|Any CPU.Build.0 = Release|Any CPU
	EndGlobalSection
	GlobalSection(SolutionProperties) = preSolution
		HideSolutionNode = FALSE
	EndGlobalSection
	GlobalSection(NestedProjects) = preSolution
		{79452D56-8729-4806-89B3-B537C11A33FB} = {730A8C0F-FE85-4932-813A-687C81F05503}
		{458DB5B0-26C9-4B84-ABC5-4E9A96312F0A} = {730A8C0F-FE85-4932-813A-687C81F05503}
		{A811034A-E6CB-49F1-827A-2093F805DEE6} = {730A8C0F-FE85-4932-813A-687C81F05503}
		{AA720085-10D2-475A-8A3F-333FE7889D05} = {730A8C0F-FE85-4932-813A-687C81F05503}
		{D562B809-CCC3-4070-BCFD-A658A9B69984} = {730A8C0F-FE85-4932-813A-687C81F05503}
		{534863A2-AC66-4180-AA9C-A0D5F89518DA} = {730A8C0F-FE85-4932-813A-687C81F05503}
		{A357A691-6330-4A6A-A889-B0C3E4A98718} = {730A8C0F-FE85-4932-813A-687C81F05503}
		{2E178203-F4C5-403D-BECD-5E72ED289BC6} = {730A8C0F-FE85-4932-813A-687C81F05503}
		{C71CE3BB-BFC1-4CFF-AD18-D4FAACE95BD0} = {730A8C0F-FE85-4932-813A-687C81F05503}
		{21264A3E-F914-4ADE-B5F0-1C1D5BB21BC2} = {730A8C0F-FE85-4932-813A-687C81F05503}
		{80326A65-5E30-4238-BD00-B9FD69A53B91} = {9E3B56DA-F36A-4F57-9D46-A8FBA4F06C82}
	EndGlobalSection
EndGlobal
